
Microsoft Visual Studio Solution File, Format Version 12.00
# Visual Studio Version 16
VisualStudioVersion = 16.0.30309.148
MinimumVisualStudioVersion = 10.0.40219.1
Project("{FAE04EC0-301F-11D3-BF4B-00C04F79EFBC}") = "mesmos exercicios de python escrito em sharp", "mesmos exercicios de python escrito em sharp.csproj", "{411FE58A-6F44-4E7A-B921-2FD0952ED7C6}"
EndProject
Global
	GlobalSection(SolutionConfigurationPlatforms) = preSolution
		Debug|Any CPU = Debug|Any CPU
		Release|Any CPU = Release|Any CPU
	EndGlobalSection
	GlobalSection(ProjectConfigurationPlatforms) = postSolution
		{411FE58A-6F44-4E7A-B921-2FD0952ED7C6}.Debug|Any CPU.ActiveCfg = Debug|Any CPU
		{411FE58A-6F44-4E7A-B921-2FD0952ED7C6}.Debug|Any CPU.Build.0 = Debug|Any CPU
		{411FE58A-6F44-4E7A-B921-2FD0952ED7C6}.Release|Any CPU.ActiveCfg = Release|Any CPU
		{411FE58A-6F44-4E7A-B921-2FD0952ED7C6}.Release|Any CPU.Build.0 = Release|Any CPU
	EndGlobalSection
	GlobalSection(SolutionProperties) = preSolution
		HideSolutionNode = FALSE
	EndGlobalSection
	GlobalSection(ExtensibilityGlobals) = postSolution
		SolutionGuid = {46039842-8CE0-46CC-84DB-21D064D2C751}
	EndGlobalSection
EndGlobal
